
Microsoft Visual Studio Solution File, Format Version 12.00
# Visual Studio 15
VisualStudioVersion = 15.0.27703.2026
MinimumVisualStudioVersion = 10.0.40219.1
Project("{FAE04EC0-301F-11D3-BF4B-00C04F79EFBC}") = "Chess", "Chess\Chess.csproj", "{5EF02593-0320-48B0-AB57-8E8F863EA7F1}"
EndProject
Project("{2150E333-8FDC-42A3-9474-1A3956D46DE8}") = "Solution Items", "Solution Items", "{341D7D2B-1981-4C79-A743-62A21C54DE52}"
	ProjectSection(SolutionItems) = preProject
		.gitignore = .gitignore
		Settings.StyleCop = Settings.StyleCop
	EndProjectSection
EndProject
Project("{9A19103F-16F7-4668-BE54-9A1E7A4F7556}") = "Chess.Engine", "Chess.Engine\Chess.Engine.csproj", "{D6BB767B-223B-4F23-B71F-28C85911E988}"
EndProject
Project("{9A19103F-16F7-4668-BE54-9A1E7A4F7556}") = "Chess.Engine.Tests", "Chess.Engine.Tests\Chess.Engine.Tests.csproj", "{E3E8D372-EF75-461A-8980-71578AEF72AA}"
EndProject
Project("{9A19103F-16F7-4668-BE54-9A1E7A4F7556}") = "ChessSharp", "ChessSharp\ChessSharp.csproj", "{55560F9A-EF04-4FD7-9440-A811FB0FFA37}"
EndProject
Project("{9A19103F-16F7-4668-BE54-9A1E7A4F7556}") = "ChessSharp.Tests", "ChessSharp.Tests\ChessSharp.Tests.csproj", "{2FD0F0D5-BC62-486F-8289-8055D32D875F}"
EndProject
Project("{9A19103F-16F7-4668-BE54-9A1E7A4F7556}") = "ChessSharp Perft", "ChessSharp Perft\ChessSharp Perft.csproj", "{8BA7832C-1F87-4AC0-B210-CED4C8E4B891}"
EndProject
Project("{9A19103F-16F7-4668-BE54-9A1E7A4F7556}") = "ChessSharp.MoveGeneration", "ChessSharp.Perft\ChessSharp.MoveGeneration.csproj", "{51868C9F-D04F-4A81-8276-6E315D22D852}"
EndProject
Project("{9A19103F-16F7-4668-BE54-9A1E7A4F7556}") = "ChessSharp.Engine", "ChessSharp.Engine\ChessSharp.Engine.csproj", "{7D3CDE19-976D-44A4-B510-7C78BC584EC4}"
EndProject
Project("{FAE04EC0-301F-11D3-BF4B-00C04F79EFBC}") = "ChessSharp UI", "ChessSharp UI\ChessSharp UI.csproj", "{4F613A7E-0606-4EC9-AEA3-C9D593ADDDFC}"
EndProject
Global
	GlobalSection(SolutionConfigurationPlatforms) = preSolution
		Debug|Any CPU = Debug|Any CPU
		Release|Any CPU = Release|Any CPU
	EndGlobalSection
	GlobalSection(ProjectConfigurationPlatforms) = postSolution
		{5EF02593-0320-48B0-AB57-8E8F863EA7F1}.Debug|Any CPU.ActiveCfg = Debug|Any CPU
		{5EF02593-0320-48B0-AB57-8E8F863EA7F1}.Debug|Any CPU.Build.0 = Debug|Any CPU
		{5EF02593-0320-48B0-AB57-8E8F863EA7F1}.Release|Any CPU.ActiveCfg = Release|Any CPU
		{5EF02593-0320-48B0-AB57-8E8F863EA7F1}.Release|Any CPU.Build.0 = Release|Any CPU
		{D6BB767B-223B-4F23-B71F-28C85911E988}.Debug|Any CPU.ActiveCfg = Debug|Any CPU
		{D6BB767B-223B-4F23-B71F-28C85911E988}.Debug|Any CPU.Build.0 = Debug|Any CPU
		{D6BB767B-223B-4F23-B71F-28C85911E988}.Release|Any CPU.ActiveCfg = Release|Any CPU
		{D6BB767B-223B-4F23-B71F-28C85911E988}.Release|Any CPU.Build.0 = Release|Any CPU
		{E3E8D372-EF75-461A-8980-71578AEF72AA}.Debug|Any CPU.ActiveCfg = Debug|Any CPU
		{E3E8D372-EF75-461A-8980-71578AEF72AA}.Debug|Any CPU.Build.0 = Debug|Any CPU
		{E3E8D372-EF75-461A-8980-71578AEF72AA}.Release|Any CPU.ActiveCfg = Release|Any CPU
		{E3E8D372-EF75-461A-8980-71578AEF72AA}.Release|Any CPU.Build.0 = Release|Any CPU
		{55560F9A-EF04-4FD7-9440-A811FB0FFA37}.Debug|Any CPU.ActiveCfg = Debug|Any CPU
		{55560F9A-EF04-4FD7-9440-A811FB0FFA37}.Debug|Any CPU.Build.0 = Debug|Any CPU
		{55560F9A-EF04-4FD7-9440-A811FB0FFA37}.Release|Any CPU.ActiveCfg = Release|Any CPU
		{55560F9A-EF04-4FD7-9440-A811FB0FFA37}.Release|Any CPU.Build.0 = Release|Any CPU
		{2FD0F0D5-BC62-486F-8289-8055D32D875F}.Debug|Any CPU.ActiveCfg = Debug|Any CPU
		{2FD0F0D5-BC62-486F-8289-8055D32D875F}.Debug|Any CPU.Build.0 = Debug|Any CPU
		{2FD0F0D5-BC62-486F-8289-8055D32D875F}.Release|Any CPU.ActiveCfg = Release|Any CPU
		{2FD0F0D5-BC62-486F-8289-8055D32D875F}.Release|Any CPU.Build.0 = Release|Any CPU
		{8BA7832C-1F87-4AC0-B210-CED4C8E4B891}.Debug|Any CPU.ActiveCfg = Debug|Any CPU
		{8BA7832C-1F87-4AC0-B210-CED4C8E4B891}.Debug|Any CPU.Build.0 = Debug|Any CPU
		{8BA7832C-1F87-4AC0-B210-CED4C8E4B891}.Release|Any CPU.ActiveCfg = Release|Any CPU
		{8BA7832C-1F87-4AC0-B210-CED4C8E4B891}.Release|Any CPU.Build.0 = Release|Any CPU
		{51868C9F-D04F-4A81-8276-6E315D22D852}.Debug|Any CPU.ActiveCfg = Debug|Any CPU
		{51868C9F-D04F-4A81-8276-6E315D22D852}.Debug|Any CPU.Build.0 = Debug|Any CPU
		{51868C9F-D04F-4A81-8276-6E315D22D852}.Release|Any CPU.ActiveCfg = Release|Any CPU
		{51868C9F-D04F-4A81-8276-6E315D22D852}.Release|Any CPU.Build.0 = Release|Any CPU
		{7D3CDE19-976D-44A4-B510-7C78BC584EC4}.Debug|Any CPU.ActiveCfg = Debug|Any CPU
		{7D3CDE19-976D-44A4-B510-7C78BC584EC4}.Debug|Any CPU.Build.0 = Debug|Any CPU
		{7D3CDE19-976D-44A4-B510-7C78BC584EC4}.Release|Any CPU.ActiveCfg = Release|Any CPU
		{7D3CDE19-976D-44A4-B510-7C78BC584EC4}.Release|Any CPU.Build.0 = Release|Any CPU
		{4F613A7E-0606-4EC9-AEA3-C9D593ADDDFC}.Debug|Any CPU.ActiveCfg = Debug|Any CPU
		{4F613A7E-0606-4EC9-AEA3-C9D593ADDDFC}.Debug|Any CPU.Build.0 = Debug|Any CPU
		{4F613A7E-0606-4EC9-AEA3-C9D593ADDDFC}.Release|Any CPU.ActiveCfg = Release|Any CPU
		{4F613A7E-0606-4EC9-AEA3-C9D593ADDDFC}.Release|Any CPU.Build.0 = Release|Any CPU
	EndGlobalSection
	GlobalSection(SolutionProperties) = preSolution
		HideSolutionNode = FALSE
	EndGlobalSection
	GlobalSection(ExtensibilityGlobals) = postSolution
		SolutionGuid = {1D75C093-7E9F-4325-817C-4745181F7482}
	EndGlobalSection
EndGlobal
